// !$*UTF8*$!
{
	archiveVersion = 1;
	classes = {
	};
	objectVersion = 55;
	objects = {

/* Begin PBXBuildFile section */
		063FA3362B0E4463003F83B4 /* HomeViewController.swift in Sources */ = {isa = PBXBuildFile; fileRef = 063FA3352B0E4463003F83B4 /* HomeViewController.swift */; };
		063FA3382B0E447F003F83B4 /* HomeView.swift in Sources */ = {isa = PBXBuildFile; fileRef = 063FA3372B0E447F003F83B4 /* HomeView.swift */; };
		063FA33A2B0E467F003F83B4 /* HomeCoordinator.swift in Sources */ = {isa = PBXBuildFile; fileRef = 063FA3392B0E467F003F83B4 /* HomeCoordinator.swift */; };
		063FA33C2B0E4793003F83B4 /* ViewControllerDefault.swift in Sources */ = {isa = PBXBuildFile; fileRef = 063FA33B2B0E4793003F83B4 /* ViewControllerDefault.swift */; };
		063FA3402B0E63F0003F83B4 /* TabBarController.swift in Sources */ = {isa = PBXBuildFile; fileRef = 063FA33F2B0E63F0003F83B4 /* TabBarController.swift */; };
		063FA3422B0E6427003F83B4 /* AboutViewController.swift in Sources */ = {isa = PBXBuildFile; fileRef = 063FA3412B0E6427003F83B4 /* AboutViewController.swift */; };
		063FA3442B0E6442003F83B4 /* AddNotificationViewController.swift in Sources */ = {isa = PBXBuildFile; fileRef = 063FA3432B0E6442003F83B4 /* AddNotificationViewController.swift */; };
		063FA3462B0E653A003F83B4 /* TabBarCoordinator.swift in Sources */ = {isa = PBXBuildFile; fileRef = 063FA3452B0E653A003F83B4 /* TabBarCoordinator.swift */; };
		063FA3482B0E6551003F83B4 /* AddNotificationCoordinator.swift in Sources */ = {isa = PBXBuildFile; fileRef = 063FA3472B0E6551003F83B4 /* AddNotificationCoordinator.swift */; };
		063FA34A2B0E6571003F83B4 /* AboutCoordinator.swift in Sources */ = {isa = PBXBuildFile; fileRef = 063FA3492B0E6571003F83B4 /* AboutCoordinator.swift */; };
		063FA34C2B0E6682003F83B4 /* AboutView.swift in Sources */ = {isa = PBXBuildFile; fileRef = 063FA34B2B0E6682003F83B4 /* AboutView.swift */; };
		063FA34E2B0E669A003F83B4 /* AddNotificationView.swift in Sources */ = {isa = PBXBuildFile; fileRef = 063FA34D2B0E669A003F83B4 /* AddNotificationView.swift */; };
		063FA3512B0ED081003F83B4 /* ImageChooser.swift in Sources */ = {isa = PBXBuildFile; fileRef = 063FA3502B0ED081003F83B4 /* ImageChooser.swift */; };
		068332C62B0979F700E0FFEB /* UIView+Extension.swift in Sources */ = {isa = PBXBuildFile; fileRef = 068332C52B0979F700E0FFEB /* UIView+Extension.swift */; };
		068E42FE2B01BF780031ED28 /* Coordinator.swift in Sources */ = {isa = PBXBuildFile; fileRef = 068E42FD2B01BF780031ED28 /* Coordinator.swift */; };
		068E43002B01BF860031ED28 /* LoginCoordinator.swift in Sources */ = {isa = PBXBuildFile; fileRef = 068E42FF2B01BF860031ED28 /* LoginCoordinator.swift */; };
		068E43022B01C0040031ED28 /* LoginViewController.swift in Sources */ = {isa = PBXBuildFile; fileRef = 068E43012B01C0040031ED28 /* LoginViewController.swift */; };
		068E43042B01C0120031ED28 /* LoginView.swift in Sources */ = {isa = PBXBuildFile; fileRef = 068E43032B01C0120031ED28 /* LoginView.swift */; };
		06D399742B0A76FA0005A0F4 /* MyAutoLayout.swift in Sources */ = {isa = PBXBuildFile; fileRef = 06D399732B0A76FA0005A0F4 /* MyAutoLayout.swift */; };
		305945E32B024EFA006F02BF /* ViewCode.swift in Sources */ = {isa = PBXBuildFile; fileRef = 305945E22B024EFA006F02BF /* ViewCode.swift */; };
		305945E62B0269F1006F02BF /* UIColor+Extension.swift in Sources */ = {isa = PBXBuildFile; fileRef = 305945E52B0269F1006F02BF /* UIColor+Extension.swift */; };
		308121FD2AFBBB680069FCFC /* AppDelegate.swift in Sources */ = {isa = PBXBuildFile; fileRef = 308121FC2AFBBB680069FCFC /* AppDelegate.swift */; };
		308121FF2AFBBB680069FCFC /* SceneDelegate.swift in Sources */ = {isa = PBXBuildFile; fileRef = 308121FE2AFBBB680069FCFC /* SceneDelegate.swift */; };
		308122062AFBBB6B0069FCFC /* Assets.xcassets in Resources */ = {isa = PBXBuildFile; fileRef = 308122052AFBBB6B0069FCFC /* Assets.xcassets */; };
		308122112AFBCA8C0069FCFC /* LaunchScreen.storyboard in Resources */ = {isa = PBXBuildFile; fileRef = 308122102AFBCA8C0069FCFC /* LaunchScreen.storyboard */; };
		308B8D232B0B87FD00B3F434 /* RegisterViewController.swift in Sources */ = {isa = PBXBuildFile; fileRef = 308B8D222B0B87FD00B3F434 /* RegisterViewController.swift */; };
		308B8D252B0B884E00B3F434 /* RegisterView.swift in Sources */ = {isa = PBXBuildFile; fileRef = 308B8D242B0B884E00B3F434 /* RegisterView.swift */; };
		308B8D272B0B908400B3F434 /* RegisterCoordinator.swift in Sources */ = {isa = PBXBuildFile; fileRef = 308B8D262B0B908400B3F434 /* RegisterCoordinator.swift */; };
		309455992B07A5A0000A3BA8 /* ImageViewDefault.swift in Sources */ = {isa = PBXBuildFile; fileRef = 309455982B07A5A0000A3BA8 /* ImageViewDefault.swift */; };
		3094559B2B07A874000A3BA8 /* TextFieldDefault.swift in Sources */ = {isa = PBXBuildFile; fileRef = 3094559A2B07A874000A3BA8 /* TextFieldDefault.swift */; };
		3094559D2B07AA1E000A3BA8 /* ButtonDefault.swift in Sources */ = {isa = PBXBuildFile; fileRef = 3094559C2B07AA1E000A3BA8 /* ButtonDefault.swift */; };
		3094559F2B07AB3A000A3BA8 /* LabelDefault.swift in Sources */ = {isa = PBXBuildFile; fileRef = 3094559E2B07AB3A000A3BA8 /* LabelDefault.swift */; };
/* End PBXBuildFile section */

/* Begin PBXFileReference section */
		063FA3352B0E4463003F83B4 /* HomeViewController.swift */ = {isa = PBXFileReference; lastKnownFileType = sourcecode.swift; path = HomeViewController.swift; sourceTree = "<group>"; };
		063FA3372B0E447F003F83B4 /* HomeView.swift */ = {isa = PBXFileReference; lastKnownFileType = sourcecode.swift; path = HomeView.swift; sourceTree = "<group>"; };
		063FA3392B0E467F003F83B4 /* HomeCoordinator.swift */ = {isa = PBXFileReference; lastKnownFileType = sourcecode.swift; path = HomeCoordinator.swift; sourceTree = "<group>"; };
		063FA33B2B0E4793003F83B4 /* ViewControllerDefault.swift */ = {isa = PBXFileReference; lastKnownFileType = sourcecode.swift; path = ViewControllerDefault.swift; sourceTree = "<group>"; };
		063FA33F2B0E63F0003F83B4 /* TabBarController.swift */ = {isa = PBXFileReference; lastKnownFileType = sourcecode.swift; path = TabBarController.swift; sourceTree = "<group>"; };
		063FA3412B0E6427003F83B4 /* AboutViewController.swift */ = {isa = PBXFileReference; lastKnownFileType = sourcecode.swift; path = AboutViewController.swift; sourceTree = "<group>"; };
		063FA3432B0E6442003F83B4 /* AddNotificationViewController.swift */ = {isa = PBXFileReference; lastKnownFileType = sourcecode.swift; path = AddNotificationViewController.swift; sourceTree = "<group>"; };
		063FA3452B0E653A003F83B4 /* TabBarCoordinator.swift */ = {isa = PBXFileReference; lastKnownFileType = sourcecode.swift; path = TabBarCoordinator.swift; sourceTree = "<group>"; };
		063FA3472B0E6551003F83B4 /* AddNotificationCoordinator.swift */ = {isa = PBXFileReference; lastKnownFileType = sourcecode.swift; path = AddNotificationCoordinator.swift; sourceTree = "<group>"; };
		063FA3492B0E6571003F83B4 /* AboutCoordinator.swift */ = {isa = PBXFileReference; lastKnownFileType = sourcecode.swift; path = AboutCoordinator.swift; sourceTree = "<group>"; };
		063FA34B2B0E6682003F83B4 /* AboutView.swift */ = {isa = PBXFileReference; lastKnownFileType = sourcecode.swift; path = AboutView.swift; sourceTree = "<group>"; };
		063FA34D2B0E669A003F83B4 /* AddNotificationView.swift */ = {isa = PBXFileReference; lastKnownFileType = sourcecode.swift; path = AddNotificationView.swift; sourceTree = "<group>"; };
		063FA3502B0ED081003F83B4 /* ImageChooser.swift */ = {isa = PBXFileReference; lastKnownFileType = sourcecode.swift; path = ImageChooser.swift; sourceTree = "<group>"; };
		068332C52B0979F700E0FFEB /* UIView+Extension.swift */ = {isa = PBXFileReference; lastKnownFileType = sourcecode.swift; path = "UIView+Extension.swift"; sourceTree = "<group>"; };
		068E42FD2B01BF780031ED28 /* Coordinator.swift */ = {isa = PBXFileReference; lastKnownFileType = sourcecode.swift; path = Coordinator.swift; sourceTree = "<group>"; };
		068E42FF2B01BF860031ED28 /* LoginCoordinator.swift */ = {isa = PBXFileReference; lastKnownFileType = sourcecode.swift; path = LoginCoordinator.swift; sourceTree = "<group>"; };
		068E43012B01C0040031ED28 /* LoginViewController.swift */ = {isa = PBXFileReference; lastKnownFileType = sourcecode.swift; path = LoginViewController.swift; sourceTree = "<group>"; };
		068E43032B01C0120031ED28 /* LoginView.swift */ = {isa = PBXFileReference; lastKnownFileType = sourcecode.swift; path = LoginView.swift; sourceTree = "<group>"; };
		06D399732B0A76FA0005A0F4 /* MyAutoLayout.swift */ = {isa = PBXFileReference; lastKnownFileType = sourcecode.swift; path = MyAutoLayout.swift; sourceTree = "<group>"; };
		305945E22B024EFA006F02BF /* ViewCode.swift */ = {isa = PBXFileReference; lastKnownFileType = sourcecode.swift; path = ViewCode.swift; sourceTree = "<group>"; };
		305945E52B0269F1006F02BF /* UIColor+Extension.swift */ = {isa = PBXFileReference; lastKnownFileType = sourcecode.swift; path = "UIColor+Extension.swift"; sourceTree = "<group>"; };
		308121F92AFBBB680069FCFC /* AppNotifica.app */ = {isa = PBXFileReference; explicitFileType = wrapper.application; includeInIndex = 0; path = AppNotifica.app; sourceTree = BUILT_PRODUCTS_DIR; };
		308121FC2AFBBB680069FCFC /* AppDelegate.swift */ = {isa = PBXFileReference; lastKnownFileType = sourcecode.swift; path = AppDelegate.swift; sourceTree = "<group>"; };
		308121FE2AFBBB680069FCFC /* SceneDelegate.swift */ = {isa = PBXFileReference; lastKnownFileType = sourcecode.swift; path = SceneDelegate.swift; sourceTree = "<group>"; };
		308122052AFBBB6B0069FCFC /* Assets.xcassets */ = {isa = PBXFileReference; lastKnownFileType = folder.assetcatalog; path = Assets.xcassets; sourceTree = "<group>"; };
		3081220A2AFBBB6B0069FCFC /* Info.plist */ = {isa = PBXFileReference; lastKnownFileType = text.plist.xml; path = Info.plist; sourceTree = "<group>"; };
		308122102AFBCA8C0069FCFC /* LaunchScreen.storyboard */ = {isa = PBXFileReference; fileEncoding = 4; lastKnownFileType = file.storyboard; path = LaunchScreen.storyboard; sourceTree = "<group>"; };
		308B8D222B0B87FD00B3F434 /* RegisterViewController.swift */ = {isa = PBXFileReference; lastKnownFileType = sourcecode.swift; path = RegisterViewController.swift; sourceTree = "<group>"; };
		308B8D242B0B884E00B3F434 /* RegisterView.swift */ = {isa = PBXFileReference; lastKnownFileType = sourcecode.swift; path = RegisterView.swift; sourceTree = "<group>"; };
		308B8D262B0B908400B3F434 /* RegisterCoordinator.swift */ = {isa = PBXFileReference; lastKnownFileType = sourcecode.swift; path = RegisterCoordinator.swift; sourceTree = "<group>"; };
		309455982B07A5A0000A3BA8 /* ImageViewDefault.swift */ = {isa = PBXFileReference; lastKnownFileType = sourcecode.swift; path = ImageViewDefault.swift; sourceTree = "<group>"; };
		3094559A2B07A874000A3BA8 /* TextFieldDefault.swift */ = {isa = PBXFileReference; lastKnownFileType = sourcecode.swift; path = TextFieldDefault.swift; sourceTree = "<group>"; };
		3094559C2B07AA1E000A3BA8 /* ButtonDefault.swift */ = {isa = PBXFileReference; lastKnownFileType = sourcecode.swift; path = ButtonDefault.swift; sourceTree = "<group>"; };
		3094559E2B07AB3A000A3BA8 /* LabelDefault.swift */ = {isa = PBXFileReference; lastKnownFileType = sourcecode.swift; path = LabelDefault.swift; sourceTree = "<group>"; };
/* End PBXFileReference section */

/* Begin PBXFrameworksBuildPhase section */
		308121F62AFBBB680069FCFC /* Frameworks */ = {
			isa = PBXFrameworksBuildPhase;
			buildActionMask = 2147483647;
			files = (
			);
			runOnlyForDeploymentPostprocessing = 0;
		};
/* End PBXFrameworksBuildPhase section */

/* Begin PBXGroup section */
		063FA34F2B0ED072003F83B4 /* Utils */ = {
			isa = PBXGroup;
			children = (
				063FA3502B0ED081003F83B4 /* ImageChooser.swift */,
			);
			path = Utils;
			sourceTree = "<group>";
		};
		068E42FA2B01BF430031ED28 /* Resources */ = {
			isa = PBXGroup;
			children = (
				308122102AFBCA8C0069FCFC /* LaunchScreen.storyboard */,
				308122052AFBBB6B0069FCFC /* Assets.xcassets */,
			);
			path = Resources;
			sourceTree = "<group>";
		};
		068E42FB2B01BF560031ED28 /* Controllers */ = {
			isa = PBXGroup;
			children = (
				063FA33F2B0E63F0003F83B4 /* TabBarController.swift */,
				063FA3412B0E6427003F83B4 /* AboutViewController.swift */,
				063FA3432B0E6442003F83B4 /* AddNotificationViewController.swift */,
				063FA3352B0E4463003F83B4 /* HomeViewController.swift */,
				068E43012B01C0040031ED28 /* LoginViewController.swift */,
				308B8D222B0B87FD00B3F434 /* RegisterViewController.swift */,
			);
			path = Controllers;
			sourceTree = "<group>";
		};
		068E42FC2B01BF610031ED28 /* Coordinator */ = {
			isa = PBXGroup;
			children = (
				068E42FD2B01BF780031ED28 /* Coordinator.swift */,
				068E42FF2B01BF860031ED28 /* LoginCoordinator.swift */,
				308B8D262B0B908400B3F434 /* RegisterCoordinator.swift */,
				063FA3392B0E467F003F83B4 /* HomeCoordinator.swift */,
				063FA3452B0E653A003F83B4 /* TabBarCoordinator.swift */,
				063FA3472B0E6551003F83B4 /* AddNotificationCoordinator.swift */,
				063FA3492B0E6571003F83B4 /* AboutCoordinator.swift */,
			);
			path = Coordinator;
			sourceTree = "<group>";
		};
		06D399722B0A76E00005A0F4 /* Layout */ = {
			isa = PBXGroup;
			children = (
				06D399732B0A76FA0005A0F4 /* MyAutoLayout.swift */,
			);
			path = Layout;
			sourceTree = "<group>";
		};
		305945E12B024EDD006F02BF /* Views */ = {
			isa = PBXGroup;
			children = (
				063FA3372B0E447F003F83B4 /* HomeView.swift */,
				068E43032B01C0120031ED28 /* LoginView.swift */,
				308B8D242B0B884E00B3F434 /* RegisterView.swift */,
				305945E22B024EFA006F02BF /* ViewCode.swift */,
				063FA34B2B0E6682003F83B4 /* AboutView.swift */,
				063FA34D2B0E669A003F83B4 /* AddNotificationView.swift */,
			);
			path = Views;
			sourceTree = "<group>";
		};
		305945E42B0269D6006F02BF /* Extensions */ = {
			isa = PBXGroup;
			children = (
				305945E52B0269F1006F02BF /* UIColor+Extension.swift */,
				068332C52B0979F700E0FFEB /* UIView+Extension.swift */,
			);
			path = Extensions;
			sourceTree = "<group>";
		};
		308121F02AFBBB680069FCFC = {
			isa = PBXGroup;
			children = (
				308121FB2AFBBB680069FCFC /* AppNotifica */,
				308121FA2AFBBB680069FCFC /* Products */,
			);
			sourceTree = "<group>";
		};
		308121FA2AFBBB680069FCFC /* Products */ = {
			isa = PBXGroup;
			children = (
				308121F92AFBBB680069FCFC /* AppNotifica.app */,
			);
			name = Products;
			sourceTree = "<group>";
		};
		308121FB2AFBBB680069FCFC /* AppNotifica */ = {
			isa = PBXGroup;
			children = (
				063FA34F2B0ED072003F83B4 /* Utils */,
				308121FC2AFBBB680069FCFC /* AppDelegate.swift */,
				308121FE2AFBBB680069FCFC /* SceneDelegate.swift */,
				309455972B07A540000A3BA8 /* Components */,
				305945E42B0269D6006F02BF /* Extensions */,
				305945E12B024EDD006F02BF /* Views */,
				068E42FC2B01BF610031ED28 /* Coordinator */,
				068E42FB2B01BF560031ED28 /* Controllers */,
				06D399722B0A76E00005A0F4 /* Layout */,
				068E42FA2B01BF430031ED28 /* Resources */,
				3081220A2AFBBB6B0069FCFC /* Info.plist */,
			);
			path = AppNotifica;
			sourceTree = "<group>";
		};
		309455972B07A540000A3BA8 /* Components */ = {
			isa = PBXGroup;
			children = (
				063FA33B2B0E4793003F83B4 /* ViewControllerDefault.swift */,
				309455982B07A5A0000A3BA8 /* ImageViewDefault.swift */,
				3094559A2B07A874000A3BA8 /* TextFieldDefault.swift */,
				3094559C2B07AA1E000A3BA8 /* ButtonDefault.swift */,
				3094559E2B07AB3A000A3BA8 /* LabelDefault.swift */,
			);
			path = Components;
			sourceTree = "<group>";
		};
/* End PBXGroup section */

/* Begin PBXNativeTarget section */
		308121F82AFBBB680069FCFC /* AppNotifica */ = {
			isa = PBXNativeTarget;
			buildConfigurationList = 3081220D2AFBBB6B0069FCFC /* Build configuration list for PBXNativeTarget "AppNotifica" */;
			buildPhases = (
				308121F52AFBBB680069FCFC /* Sources */,
				308121F62AFBBB680069FCFC /* Frameworks */,
				308121F72AFBBB680069FCFC /* Resources */,
			);
			buildRules = (
			);
			dependencies = (
			);
			name = AppNotifica;
			productName = AppNotifica;
			productReference = 308121F92AFBBB680069FCFC /* AppNotifica.app */;
			productType = "com.apple.product-type.application";
		};
/* End PBXNativeTarget section */

/* Begin PBXProject section */
		308121F12AFBBB680069FCFC /* Project object */ = {
			isa = PBXProject;
			attributes = {
				LastSwiftUpdateCheck = 1500;
				LastUpgradeCheck = 1500;
				TargetAttributes = {
					308121F82AFBBB680069FCFC = {
						CreatedOnToolsVersion = 15.0;
					};
				};
			};
			buildConfigurationList = 308121F42AFBBB680069FCFC /* Build configuration list for PBXProject "AppNotifica" */;
			compatibilityVersion = "Xcode 13.0";
			developmentRegion = en;
			hasScannedForEncodings = 0;
			knownRegions = (
				en,
				Base,
			);
			mainGroup = 308121F02AFBBB680069FCFC;
			productRefGroup = 308121FA2AFBBB680069FCFC /* Products */;
			projectDirPath = "";
			projectRoot = "";
			targets = (
				308121F82AFBBB680069FCFC /* AppNotifica */,
			);
		};
/* End PBXProject section */

/* Begin PBXResourcesBuildPhase section */
		308121F72AFBBB680069FCFC /* Resources */ = {
			isa = PBXResourcesBuildPhase;
			buildActionMask = 2147483647;
			files = (
				308122112AFBCA8C0069FCFC /* LaunchScreen.storyboard in Resources */,
				308122062AFBBB6B0069FCFC /* Assets.xcassets in Resources */,
			);
			runOnlyForDeploymentPostprocessing = 0;
		};
/* End PBXResourcesBuildPhase section */

/* Begin PBXSourcesBuildPhase section */
		308121F52AFBBB680069FCFC /* Sources */ = {
			isa = PBXSourcesBuildPhase;
			buildActionMask = 2147483647;
			files = (
				063FA34A2B0E6571003F83B4 /* AboutCoordinator.swift in Sources */,
				068E43022B01C0040031ED28 /* LoginViewController.swift in Sources */,
				063FA3382B0E447F003F83B4 /* HomeView.swift in Sources */,
				063FA3402B0E63F0003F83B4 /* TabBarController.swift in Sources */,
				063FA3462B0E653A003F83B4 /* TabBarCoordinator.swift in Sources */,
				068E43042B01C0120031ED28 /* LoginView.swift in Sources */,
				3094559F2B07AB3A000A3BA8 /* LabelDefault.swift in Sources */,
				063FA3442B0E6442003F83B4 /* AddNotificationViewController.swift in Sources */,
				063FA34C2B0E6682003F83B4 /* AboutView.swift in Sources */,
				068E42FE2B01BF780031ED28 /* Coordinator.swift in Sources */,
				068332C62B0979F700E0FFEB /* UIView+Extension.swift in Sources */,
				063FA34E2B0E669A003F83B4 /* AddNotificationView.swift in Sources */,
				063FA3362B0E4463003F83B4 /* HomeViewController.swift in Sources */,
				3094559D2B07AA1E000A3BA8 /* ButtonDefault.swift in Sources */,
				308B8D232B0B87FD00B3F434 /* RegisterViewController.swift in Sources */,
				305945E32B024EFA006F02BF /* ViewCode.swift in Sources */,
				068E43002B01BF860031ED28 /* LoginCoordinator.swift in Sources */,
				309455992B07A5A0000A3BA8 /* ImageViewDefault.swift in Sources */,
				063FA33C2B0E4793003F83B4 /* ViewControllerDefault.swift in Sources */,
				308121FD2AFBBB680069FCFC /* AppDelegate.swift in Sources */,
				06D399742B0A76FA0005A0F4 /* MyAutoLayout.swift in Sources */,
				308B8D272B0B908400B3F434 /* RegisterCoordinator.swift in Sources */,
				308121FF2AFBBB680069FCFC /* SceneDelegate.swift in Sources */,
				063FA3512B0ED081003F83B4 /* ImageChooser.swift in Sources */,
				308B8D252B0B884E00B3F434 /* RegisterView.swift in Sources */,
				063FA33A2B0E467F003F83B4 /* HomeCoordinator.swift in Sources */,
				063FA3482B0E6551003F83B4 /* AddNotificationCoordinator.swift in Sources */,
				305945E62B0269F1006F02BF /* UIColor+Extension.swift in Sources */,
				3094559B2B07A874000A3BA8 /* TextFieldDefault.swift in Sources */,
				063FA3422B0E6427003F83B4 /* AboutViewController.swift in Sources */,
			);
			runOnlyForDeploymentPostprocessing = 0;
		};
/* End PBXSourcesBuildPhase section */

/* Begin XCBuildConfiguration section */
		3081220B2AFBBB6B0069FCFC /* Debug */ = {
			isa = XCBuildConfiguration;
			buildSettings = {
				ALWAYS_SEARCH_USER_PATHS = NO;
				ASSETCATALOG_COMPILER_GENERATE_SWIFT_ASSET_SYMBOL_EXTENSIONS = YES;
				CLANG_ANALYZER_NONNULL = YES;
				CLANG_ANALYZER_NUMBER_OBJECT_CONVERSION = YES_AGGRESSIVE;
				CLANG_CXX_LANGUAGE_STANDARD = "gnu++20";
				CLANG_ENABLE_MODULES = YES;
				CLANG_ENABLE_OBJC_ARC = YES;
				CLANG_ENABLE_OBJC_WEAK = YES;
				CLANG_WARN_BLOCK_CAPTURE_AUTORELEASING = YES;
				CLANG_WARN_BOOL_CONVERSION = YES;
				CLANG_WARN_COMMA = YES;
				CLANG_WARN_CONSTANT_CONVERSION = YES;
				CLANG_WARN_DEPRECATED_OBJC_IMPLEMENTATIONS = YES;
				CLANG_WARN_DIRECT_OBJC_ISA_USAGE = YES_ERROR;
				CLANG_WARN_DOCUMENTATION_COMMENTS = YES;
				CLANG_WARN_EMPTY_BODY = YES;
				CLANG_WARN_ENUM_CONVERSION = YES;
				CLANG_WARN_INFINITE_RECURSION = YES;
				CLANG_WARN_INT_CONVERSION = YES;
				CLANG_WARN_NON_LITERAL_NULL_CONVERSION = YES;
				CLANG_WARN_OBJC_IMPLICIT_RETAIN_SELF = YES;
				CLANG_WARN_OBJC_LITERAL_CONVERSION = YES;
				CLANG_WARN_OBJC_ROOT_CLASS = YES_ERROR;
				CLANG_WARN_QUOTED_INCLUDE_IN_FRAMEWORK_HEADER = YES;
				CLANG_WARN_RANGE_LOOP_ANALYSIS = YES;
				CLANG_WARN_STRICT_PROTOTYPES = YES;
				CLANG_WARN_SUSPICIOUS_MOVE = YES;
				CLANG_WARN_UNGUARDED_AVAILABILITY = YES_AGGRESSIVE;
				CLANG_WARN_UNREACHABLE_CODE = YES;
				CLANG_WARN__DUPLICATE_METHOD_MATCH = YES;
				COPY_PHASE_STRIP = NO;
				DEBUG_INFORMATION_FORMAT = dwarf;
				ENABLE_STRICT_OBJC_MSGSEND = YES;
				ENABLE_TESTABILITY = YES;
				ENABLE_USER_SCRIPT_SANDBOXING = YES;
				GCC_C_LANGUAGE_STANDARD = gnu17;
				GCC_DYNAMIC_NO_PIC = NO;
				GCC_NO_COMMON_BLOCKS = YES;
				GCC_OPTIMIZATION_LEVEL = 0;
				GCC_PREPROCESSOR_DEFINITIONS = (
					"DEBUG=1",
					"$(inherited)",
				);
				GCC_WARN_64_TO_32_BIT_CONVERSION = YES;
				GCC_WARN_ABOUT_RETURN_TYPE = YES_ERROR;
				GCC_WARN_UNDECLARED_SELECTOR = YES;
				GCC_WARN_UNINITIALIZED_AUTOS = YES_AGGRESSIVE;
				GCC_WARN_UNUSED_FUNCTION = YES;
				GCC_WARN_UNUSED_VARIABLE = YES;
				IPHONEOS_DEPLOYMENT_TARGET = 17.0;
				LOCALIZATION_PREFERS_STRING_CATALOGS = YES;
				MTL_ENABLE_DEBUG_INFO = INCLUDE_SOURCE;
				MTL_FAST_MATH = YES;
				ONLY_ACTIVE_ARCH = YES;
				SDKROOT = iphoneos;
				SWIFT_ACTIVE_COMPILATION_CONDITIONS = "DEBUG $(inherited)";
				SWIFT_OPTIMIZATION_LEVEL = "-Onone";
			};
			name = Debug;
		};
		3081220C2AFBBB6B0069FCFC /* Release */ = {
			isa = XCBuildConfiguration;
			buildSettings = {
				ALWAYS_SEARCH_USER_PATHS = NO;
				ASSETCATALOG_COMPILER_GENERATE_SWIFT_ASSET_SYMBOL_EXTENSIONS = YES;
				CLANG_ANALYZER_NONNULL = YES;
				CLANG_ANALYZER_NUMBER_OBJECT_CONVERSION = YES_AGGRESSIVE;
				CLANG_CXX_LANGUAGE_STANDARD = "gnu++20";
				CLANG_ENABLE_MODULES = YES;
				CLANG_ENABLE_OBJC_ARC = YES;
				CLANG_ENABLE_OBJC_WEAK = YES;
				CLANG_WARN_BLOCK_CAPTURE_AUTORELEASING = YES;
				CLANG_WARN_BOOL_CONVERSION = YES;
				CLANG_WARN_COMMA = YES;
				CLANG_WARN_CONSTANT_CONVERSION = YES;
				CLANG_WARN_DEPRECATED_OBJC_IMPLEMENTATIONS = YES;
				CLANG_WARN_DIRECT_OBJC_ISA_USAGE = YES_ERROR;
				CLANG_WARN_DOCUMENTATION_COMMENTS = YES;
				CLANG_WARN_EMPTY_BODY = YES;
				CLANG_WARN_ENUM_CONVERSION = YES;
				CLANG_WARN_INFINITE_RECURSION = YES;
				CLANG_WARN_INT_CONVERSION = YES;
				CLANG_WARN_NON_LITERAL_NULL_CONVERSION = YES;
				CLANG_WARN_OBJC_IMPLICIT_RETAIN_SELF = YES;
				CLANG_WARN_OBJC_LITERAL_CONVERSION = YES;
				CLANG_WARN_OBJC_ROOT_CLASS = YES_ERROR;
				CLANG_WARN_QUOTED_INCLUDE_IN_FRAMEWORK_HEADER = YES;
				CLANG_WARN_RANGE_LOOP_ANALYSIS = YES;
				CLANG_WARN_STRICT_PROTOTYPES = YES;
				CLANG_WARN_SUSPICIOUS_MOVE = YES;
				CLANG_WARN_UNGUARDED_AVAILABILITY = YES_AGGRESSIVE;
				CLANG_WARN_UNREACHABLE_CODE = YES;
				CLANG_WARN__DUPLICATE_METHOD_MATCH = YES;
				COPY_PHASE_STRIP = NO;
				DEBUG_INFORMATION_FORMAT = "dwarf-with-dsym";
				ENABLE_NS_ASSERTIONS = NO;
				ENABLE_STRICT_OBJC_MSGSEND = YES;
				ENABLE_USER_SCRIPT_SANDBOXING = YES;
				GCC_C_LANGUAGE_STANDARD = gnu17;
				GCC_NO_COMMON_BLOCKS = YES;
				GCC_WARN_64_TO_32_BIT_CONVERSION = YES;
				GCC_WARN_ABOUT_RETURN_TYPE = YES_ERROR;
				GCC_WARN_UNDECLARED_SELECTOR = YES;
				GCC_WARN_UNINITIALIZED_AUTOS = YES_AGGRESSIVE;
				GCC_WARN_UNUSED_FUNCTION = YES;
				GCC_WARN_UNUSED_VARIABLE = YES;
				IPHONEOS_DEPLOYMENT_TARGET = 17.0;
				LOCALIZATION_PREFERS_STRING_CATALOGS = YES;
				MTL_ENABLE_DEBUG_INFO = NO;
				MTL_FAST_MATH = YES;
				SDKROOT = iphoneos;
				SWIFT_COMPILATION_MODE = wholemodule;
				VALIDATE_PRODUCT = YES;
			};
			name = Release;
		};
		3081220E2AFBBB6B0069FCFC /* Debug */ = {
			isa = XCBuildConfiguration;
			buildSettings = {
				ASSETCATALOG_COMPILER_APPICON_NAME = AppIcon;
				ASSETCATALOG_COMPILER_GLOBAL_ACCENT_COLOR_NAME = AccentColor;
				CODE_SIGN_STYLE = Automatic;
				CURRENT_PROJECT_VERSION = 1;
				GENERATE_INFOPLIST_FILE = YES;
				INFOPLIST_FILE = AppNotifica/Info.plist;
				INFOPLIST_KEY_UIApplicationSupportsIndirectInputEvents = YES;
				INFOPLIST_KEY_UILaunchStoryboardName = LaunchScreen;
				INFOPLIST_KEY_UISupportedInterfaceOrientations_iPad = "UIInterfaceOrientationPortrait UIInterfaceOrientationPortraitUpsideDown UIInterfaceOrientationLandscapeLeft UIInterfaceOrientationLandscapeRight";
				INFOPLIST_KEY_UISupportedInterfaceOrientations_iPhone = "UIInterfaceOrientationPortrait UIInterfaceOrientationLandscapeLeft UIInterfaceOrientationLandscapeRight";
				LD_RUNPATH_SEARCH_PATHS = (
					"$(inherited)",
					"@executable_path/Frameworks",
				);
				MARKETING_VERSION = 1.0;
				PRODUCT_BUNDLE_IDENTIFIER = com.ifb.kleyton.AppNotifica;
				PRODUCT_NAME = "$(TARGET_NAME)";
				SWIFT_EMIT_LOC_STRINGS = YES;
				SWIFT_VERSION = 5.0;
				TARGETED_DEVICE_FAMILY = "1,2";
			};
			name = Debug;
		};
		3081220F2AFBBB6B0069FCFC /* Release */ = {
			isa = XCBuildConfiguration;
			buildSettings = {
				ASSETCATALOG_COMPILER_APPICON_NAME = AppIcon;
				ASSETCATALOG_COMPILER_GLOBAL_ACCENT_COLOR_NAME = AccentColor;
				CODE_SIGN_STYLE = Automatic;
				CURRENT_PROJECT_VERSION = 1;
				GENERATE_INFOPLIST_FILE = YES;
				INFOPLIST_FILE = AppNotifica/Info.plist;
				INFOPLIST_KEY_UIApplicationSupportsIndirectInputEvents = YES;
				INFOPLIST_KEY_UILaunchStoryboardName = LaunchScreen;
				INFOPLIST_KEY_UISupportedInterfaceOrientations_iPad = "UIInterfaceOrientationPortrait UIInterfaceOrientationPortraitUpsideDown UIInterfaceOrientationLandscapeLeft UIInterfaceOrientationLandscapeRight";
				INFOPLIST_KEY_UISupportedInterfaceOrientations_iPhone = "UIInterfaceOrientationPortrait UIInterfaceOrientationLandscapeLeft UIInterfaceOrientationLandscapeRight";
				LD_RUNPATH_SEARCH_PATHS = (
					"$(inherited)",
					"@executable_path/Frameworks",
				);
				MARKETING_VERSION = 1.0;
				PRODUCT_BUNDLE_IDENTIFIER = com.ifb.kleyton.AppNotifica;
				PRODUCT_NAME = "$(TARGET_NAME)";
				SWIFT_EMIT_LOC_STRINGS = YES;
				SWIFT_VERSION = 5.0;
				TARGETED_DEVICE_FAMILY = "1,2";
			};
			name = Release;
		};
/* End XCBuildConfiguration section */

/* Begin XCConfigurationList section */
		308121F42AFBBB680069FCFC /* Build configuration list for PBXProject "AppNotifica" */ = {
			isa = XCConfigurationList;
			buildConfigurations = (
				3081220B2AFBBB6B0069FCFC /* Debug */,
				3081220C2AFBBB6B0069FCFC /* Release */,
			);
			defaultConfigurationIsVisible = 0;
			defaultConfigurationName = Release;
		};
		3081220D2AFBBB6B0069FCFC /* Build configuration list for PBXNativeTarget "AppNotifica" */ = {
			isa = XCConfigurationList;
			buildConfigurations = (
				3081220E2AFBBB6B0069FCFC /* Debug */,
				3081220F2AFBBB6B0069FCFC /* Release */,
			);
			defaultConfigurationIsVisible = 0;
			defaultConfigurationName = Release;
		};
/* End XCConfigurationList section */
	};
	rootObject = 308121F12AFBBB680069FCFC /* Project object */;
}
